
Microsoft Visual Studio Solution File, Format Version 12.00
# Visual Studio Version 17
VisualStudioVersion = 17.14.36705.20 d17.14
MinimumVisualStudioVersion = 10.0.40219.1
Project("{FAE04EC0-301F-11D3-BF4B-00C04F79EFBC}") = "ATIVIDADE_LUIZHSV_BDHOSP", "ATIVIDADE_LUIZHSV_BDHOSP\ATIVIDADE_LUIZHSV_BDHOSP.csproj", "{C01390A0-F8B5-4ED2-980F-204A6133EA1C}"
EndProject
Global
	GlobalSection(SolutionConfigurationPlatforms) = preSolution
		Debug|Any CPU = Debug|Any CPU
		Release|Any CPU = Release|Any CPU
	EndGlobalSection
	GlobalSection(ProjectConfigurationPlatforms) = postSolution
		{C01390A0-F8B5-4ED2-980F-204A6133EA1C}.Debug|Any CPU.ActiveCfg = Debug|Any CPU
		{C01390A0-F8B5-4ED2-980F-204A6133EA1C}.Debug|Any CPU.Build.0 = Debug|Any CPU
		{C01390A0-F8B5-4ED2-980F-204A6133EA1C}.Release|Any CPU.ActiveCfg = Release|Any CPU
		{C01390A0-F8B5-4ED2-980F-204A6133EA1C}.Release|Any CPU.Build.0 = Release|Any CPU
	EndGlobalSection
	GlobalSection(SolutionProperties) = preSolution
		HideSolutionNode = FALSE
	EndGlobalSection
	GlobalSection(ExtensibilityGlobals) = postSolution
		SolutionGuid = {DB3D01D0-BB73-47CC-9C48-E38D9F14A50B}
	EndGlobalSection
EndGlobal
